// !$*UTF8*$!
{
	archiveVersion = 1;
	classes = {
	};
	objectVersion = 50;
	objects = {

/* Begin PBXBuildFile section */
		8E0DBDC421180BC2002B69E5 /* AppDelegate.swift in Sources */ = {isa = PBXBuildFile; fileRef = 8E0DBDC321180BC2002B69E5 /* AppDelegate.swift */; };
		8E0DBDC621180BC2002B69E5 /* ViewController.swift in Sources */ = {isa = PBXBuildFile; fileRef = 8E0DBDC521180BC2002B69E5 /* ViewController.swift */; };
		8E0DBDC921180BC2002B69E5 /* Main.storyboard in Resources */ = {isa = PBXBuildFile; fileRef = 8E0DBDC721180BC2002B69E5 /* Main.storyboard */; };
		8E0DBDCB21180BC3002B69E5 /* Assets.xcassets in Resources */ = {isa = PBXBuildFile; fileRef = 8E0DBDCA21180BC3002B69E5 /* Assets.xcassets */; };
		8E0DBDCE21180BC3002B69E5 /* LaunchScreen.storyboard in Resources */ = {isa = PBXBuildFile; fileRef = 8E0DBDCC21180BC3002B69E5 /* LaunchScreen.storyboard */; };
		8E0DBDD6211816B7002B69E5 /* Cell.swift in Sources */ = {isa = PBXBuildFile; fileRef = 8E0DBDD5211816B7002B69E5 /* Cell.swift */; };
		F7F565DE81B9830EB51FDFF9 /* Pods_popupMenuDemo.framework in Frameworks */ = {isa = PBXBuildFile; fileRef = 8C51D5FFBBD32BF7216A9930 /* Pods_popupMenuDemo.framework */; };
/* End PBXBuildFile section */

/* Begin PBXFileReference section */
		4CEDD27D75D2485CA6634915 /* Pods-popupMenuDemo.debug.xcconfig */ = {isa = PBXFileReference; includeInIndex = 1; lastKnownFileType = text.xcconfig; name = "Pods-popupMenuDemo.debug.xcconfig"; path = "Pods/Target Support Files/Pods-popupMenuDemo/Pods-popupMenuDemo.debug.xcconfig"; sourceTree = "<group>"; };
		8C51D5FFBBD32BF7216A9930 /* Pods_popupMenuDemo.framework */ = {isa = PBXFileReference; explicitFileType = wrapper.framework; includeInIndex = 0; path = Pods_popupMenuDemo.framework; sourceTree = BUILT_PRODUCTS_DIR; };
		8E0DBDC021180BC2002B69E5 /* popupMenuDemo.app */ = {isa = PBXFileReference; explicitFileType = wrapper.application; includeInIndex = 0; path = popupMenuDemo.app; sourceTree = BUILT_PRODUCTS_DIR; };
		8E0DBDC321180BC2002B69E5 /* AppDelegate.swift */ = {isa = PBXFileReference; lastKnownFileType = sourcecode.swift; path = AppDelegate.swift; sourceTree = "<group>"; };
		8E0DBDC521180BC2002B69E5 /* ViewController.swift */ = {isa = PBXFileReference; lastKnownFileType = sourcecode.swift; path = ViewController.swift; sourceTree = "<group>"; };
		8E0DBDC821180BC2002B69E5 /* Base */ = {isa = PBXFileReference; lastKnownFileType = file.storyboard; name = Base; path = Base.lproj/Main.storyboard; sourceTree = "<group>"; };
		8E0DBDCA21180BC3002B69E5 /* Assets.xcassets */ = {isa = PBXFileReference; lastKnownFileType = folder.assetcatalog; path = Assets.xcassets; sourceTree = "<group>"; };
		8E0DBDCD21180BC3002B69E5 /* Base */ = {isa = PBXFileReference; lastKnownFileType = file.storyboard; name = Base; path = Base.lproj/LaunchScreen.storyboard; sourceTree = "<group>"; };
		8E0DBDCF21180BC3002B69E5 /* Info.plist */ = {isa = PBXFileReference; lastKnownFileType = text.plist.xml; path = Info.plist; sourceTree = "<group>"; };
		8E0DBDD5211816B7002B69E5 /* Cell.swift */ = {isa = PBXFileReference; lastKnownFileType = sourcecode.swift; path = Cell.swift; sourceTree = "<group>"; };
		FFF0FCBD9D3437CBE23791E8 /* Pods-popupMenuDemo.release.xcconfig */ = {isa = PBXFileReference; includeInIndex = 1; lastKnownFileType = text.xcconfig; name = "Pods-popupMenuDemo.release.xcconfig"; path = "Pods/Target Support Files/Pods-popupMenuDemo/Pods-popupMenuDemo.release.xcconfig"; sourceTree = "<group>"; };
/* End PBXFileReference section */

/* Begin PBXFrameworksBuildPhase section */
		8E0DBDBD21180BC2002B69E5 /* Frameworks */ = {
			isa = PBXFrameworksBuildPhase;
			buildActionMask = 2147483647;
			files = (
				F7F565DE81B9830EB51FDFF9 /* Pods_popupMenuDemo.framework in Frameworks */,
			);
			runOnlyForDeploymentPostprocessing = 0;
		};
/* End PBXFrameworksBuildPhase section */

/* Begin PBXGroup section */
		3D9C5ABEE68342698CF626DB /* Frameworks */ = {
			isa = PBXGroup;
			children = (
				8C51D5FFBBD32BF7216A9930 /* Pods_popupMenuDemo.framework */,
			);
			name = Frameworks;
			sourceTree = "<group>";
		};
		6C9F2A03D9FB9B2E02769099 /* Pods */ = {
			isa = PBXGroup;
			children = (
				4CEDD27D75D2485CA6634915 /* Pods-popupMenuDemo.debug.xcconfig */,
				FFF0FCBD9D3437CBE23791E8 /* Pods-popupMenuDemo.release.xcconfig */,
			);
			name = Pods;
			sourceTree = "<group>";
		};
		8E0DBDB721180BC2002B69E5 = {
			isa = PBXGroup;
			children = (
				8E0DBDC221180BC2002B69E5 /* popupMenuDemo */,
				8E0DBDC121180BC2002B69E5 /* Products */,
				6C9F2A03D9FB9B2E02769099 /* Pods */,
				3D9C5ABEE68342698CF626DB /* Frameworks */,
			);
			sourceTree = "<group>";
		};
		8E0DBDC121180BC2002B69E5 /* Products */ = {
			isa = PBXGroup;
			children = (
				8E0DBDC021180BC2002B69E5 /* popupMenuDemo.app */,
			);
			name = Products;
			sourceTree = "<group>";
		};
		8E0DBDC221180BC2002B69E5 /* popupMenuDemo */ = {
			isa = PBXGroup;
			children = (
				8E0DBDC321180BC2002B69E5 /* AppDelegate.swift */,
				8E0DBDC521180BC2002B69E5 /* ViewController.swift */,
				8E0DBDC721180BC2002B69E5 /* Main.storyboard */,
				8E0DBDCA21180BC3002B69E5 /* Assets.xcassets */,
				8E0DBDCC21180BC3002B69E5 /* LaunchScreen.storyboard */,
				8E0DBDCF21180BC3002B69E5 /* Info.plist */,
				8E0DBDD5211816B7002B69E5 /* Cell.swift */,
			);
			path = popupMenuDemo;
			sourceTree = "<group>";
		};
/* End PBXGroup section */

/* Begin PBXNativeTarget section */
		8E0DBDBF21180BC2002B69E5 /* popupMenuDemo */ = {
			isa = PBXNativeTarget;
			buildConfigurationList = 8E0DBDD221180BC3002B69E5 /* Build configuration list for PBXNativeTarget "popupMenuDemo" */;
			buildPhases = (
				913EA4ECF1E955D9AB4369F4 /* [CP] Check Pods Manifest.lock */,
				8E0DBDBC21180BC2002B69E5 /* Sources */,
				8E0DBDBD21180BC2002B69E5 /* Frameworks */,
				8E0DBDBE21180BC2002B69E5 /* Resources */,
				1525D9B36164D0AA74B80F54 /* [CP] Embed Pods Frameworks */,
			);
			buildRules = (
			);
			dependencies = (
			);
			name = popupMenuDemo;
			productName = popupMenuDemo;
			productReference = 8E0DBDC021180BC2002B69E5 /* popupMenuDemo.app */;
			productType = "com.apple.product-type.application";
		};
/* End PBXNativeTarget section */

/* Begin PBXProject section */
		8E0DBDB821180BC2002B69E5 /* Project object */ = {
			isa = PBXProject;
			attributes = {
				LastSwiftUpdateCheck = 0940;
				LastUpgradeCheck = 0940;
				ORGANIZATIONNAME = poisongas;
				TargetAttributes = {
					8E0DBDBF21180BC2002B69E5 = {
						CreatedOnToolsVersion = 9.4.1;
					};
				};
			};
			buildConfigurationList = 8E0DBDBB21180BC2002B69E5 /* Build configuration list for PBXProject "popupMenuDemo" */;
			compatibilityVersion = "Xcode 9.3";
			developmentRegion = en;
			hasScannedForEncodings = 0;
			knownRegions = (
				en,
				Base,
			);
			mainGroup = 8E0DBDB721180BC2002B69E5;
			productRefGroup = 8E0DBDC121180BC2002B69E5 /* Products */;
			projectDirPath = "";
			projectRoot = "";
			targets = (
				8E0DBDBF21180BC2002B69E5 /* popupMenuDemo */,
			);
		};
/* End PBXProject section */

/* Begin PBXResourcesBuildPhase section */
		8E0DBDBE21180BC2002B69E5 /* Resources */ = {
			isa = PBXResourcesBuildPhase;
			buildActionMask = 2147483647;
			files = (
				8E0DBDCE21180BC3002B69E5 /* LaunchScreen.storyboard in Resources */,
				8E0DBDCB21180BC3002B69E5 /* Assets.xcassets in Resources */,
				8E0DBDC921180BC2002B69E5 /* Main.storyboard in Resources */,
			);
			runOnlyForDeploymentPostprocessing = 0;
		};
/* End PBXResourcesBuildPhase section */

/* Begin PBXShellScriptBuildPhase section */
		1525D9B36164D0AA74B80F54 /* [CP] Embed Pods Frameworks */ = {
			isa = PBXShellScriptBuildPhase;
			buildActionMask = 2147483647;
			files = (
			);
			inputPaths = (
				"${SRCROOT}/Pods/Target Support Files/Pods-popupMenuDemo/Pods-popupMenuDemo-frameworks.sh",
				"${BUILT_PRODUCTS_DIR}/LBTAComponents/LBTAComponents.framework",
			);
			name = "[CP] Embed Pods Frameworks";
			outputPaths = (
				"${TARGET_BUILD_DIR}/${FRAMEWORKS_FOLDER_PATH}/LBTAComponents.framework",
			);
			runOnlyForDeploymentPostprocessing = 0;
			shellPath = /bin/sh;
			shellScript = "\"${SRCROOT}/Pods/Target Support Files/Pods-popupMenuDemo/Pods-popupMenuDemo-frameworks.sh\"\n";
			showEnvVarsInLog = 0;
		};
		913EA4ECF1E955D9AB4369F4 /* [CP] Check Pods Manifest.lock */ = {
			isa = PBXShellScriptBuildPhase;
			buildActionMask = 2147483647;
			files = (
			);
			inputPaths = (
				"${PODS_PODFILE_DIR_PATH}/Podfile.lock",
				"${PODS_ROOT}/Manifest.lock",
			);
			name = "[CP] Check Pods Manifest.lock";
			outputPaths = (
				"$(DERIVED_FILE_DIR)/Pods-popupMenuDemo-checkManifestLockResult.txt",
			);
			runOnlyForDeploymentPostprocessing = 0;
			shellPath = /bin/sh;
			shellScript = "diff \"${PODS_PODFILE_DIR_PATH}/Podfile.lock\" \"${PODS_ROOT}/Manifest.lock\" > /dev/null\nif [ $? != 0 ] ; then\n    # print error to STDERR\n    echo \"error: The sandbox is not in sync with the Podfile.lock. Run 'pod install' or update your CocoaPods installation.\" >&2\n    exit 1\nfi\n# This output is used by Xcode 'outputs' to avoid re-running this script phase.\necho \"SUCCESS\" > \"${SCRIPT_OUTPUT_FILE_0}\"\n";
			showEnvVarsInLog = 0;
		};
/* End PBXShellScriptBuildPhase section */

/* Begin PBXSourcesBuildPhase section */
		8E0DBDBC21180BC2002B69E5 /* Sources */ = {
			isa = PBXSourcesBuildPhase;
			buildActionMask = 2147483647;
			files = (
				8E0DBDC621180BC2002B69E5 /* ViewController.swift in Sources */,
				8E0DBDC421180BC2002B69E5 /* AppDelegate.swift in Sources */,
				8E0DBDD6211816B7002B69E5 /* Cell.swift in Sources */,
			);
			runOnlyForDeploymentPostprocessing = 0;
		};
/* End PBXSourcesBuildPhase section */

/* Begin PBXVariantGroup section */
		8E0DBDC721180BC2002B69E5 /* Main.storyboard */ = {
			isa = PBXVariantGroup;
			children = (
				8E0DBDC821180BC2002B69E5 /* Base */,
			);
			name = Main.storyboard;
			sourceTree = "<group>";
		};
		8E0DBDCC21180BC3002B69E5 /* LaunchScreen.storyboard */ = {
			isa = PBXVariantGroup;
			children = (
				8E0DBDCD21180BC3002B69E5 /* Base */,
			);
			name = LaunchScreen.storyboard;
			sourceTree = "<group>";
		};
/* End PBXVariantGroup section */

/* Begin XCBuildConfiguration section */
		8E0DBDD021180BC3002B69E5 /* Debug */ = {
			isa = XCBuildConfiguration;
			buildSettings = {
				ALWAYS_SEARCH_USER_PATHS = NO;
				CLANG_ANALYZER_NONNULL = YES;
				CLANG_ANALYZER_NUMBER_OBJECT_CONVERSION = YES_AGGRESSIVE;
				CLANG_CXX_LANGUAGE_STANDARD = "gnu++14";
				CLANG_CXX_LIBRARY = "libc++";
				CLANG_ENABLE_MODULES = YES;
				CLANG_ENABLE_OBJC_ARC = YES;
				CLANG_ENABLE_OBJC_WEAK = YES;
				CLANG_WARN_BLOCK_CAPTURE_AUTORELEASING = YES;
				CLANG_WARN_BOOL_CONVERSION = YES;
				CLANG_WARN_COMMA = YES;
				CLANG_WARN_CONSTANT_CONVERSION = YES;
				CLANG_WARN_DEPRECATED_OBJC_IMPLEMENTATIONS = YES;
				CLANG_WARN_DIRECT_OBJC_ISA_USAGE = YES_ERROR;
				CLANG_WARN_DOCUMENTATION_COMMENTS = YES;
				CLANG_WARN_EMPTY_BODY = YES;
				CLANG_WARN_ENUM_CONVERSION = YES;
				CLANG_WARN_INFINITE_RECURSION = YES;
				CLANG_WARN_INT_CONVERSION = YES;
				CLANG_WARN_NON_LITERAL_NULL_CONVERSION = YES;
				CLANG_WARN_OBJC_IMPLICIT_RETAIN_SELF = YES;
				CLANG_WARN_OBJC_LITERAL_CONVERSION = YES;
				CLANG_WARN_OBJC_ROOT_CLASS = YES_ERROR;
				CLANG_WARN_RANGE_LOOP_ANALYSIS = YES;
				CLANG_WARN_STRICT_PROTOTYPES = YES;
				CLANG_WARN_SUSPICIOUS_MOVE = YES;
				CLANG_WARN_UNGUARDED_AVAILABILITY = YES_AGGRESSIVE;
				CLANG_WARN_UNREACHABLE_CODE = YES;
				CLANG_WARN__DUPLICATE_METHOD_MATCH = YES;
				CODE_SIGN_IDENTITY = "iPhone Developer";
				COPY_PHASE_STRIP = NO;
				DEBUG_INFORMATION_FORMAT = dwarf;
				ENABLE_STRICT_OBJC_MSGSEND = YES;
				ENABLE_TESTABILITY = YES;
				GCC_C_LANGUAGE_STANDARD = gnu11;
				GCC_DYNAMIC_NO_PIC = NO;
				GCC_NO_COMMON_BLOCKS = YES;
				GCC_OPTIMIZATION_LEVEL = 0;
				GCC_PREPROCESSOR_DEFINITIONS = (
					"DEBUG=1",
					"$(inherited)",
				);
				GCC_WARN_64_TO_32_BIT_CONVERSION = YES;
				GCC_WARN_ABOUT_RETURN_TYPE = YES_ERROR;
				GCC_WARN_UNDECLARED_SELECTOR = YES;
				GCC_WARN_UNINITIALIZED_AUTOS = YES_AGGRESSIVE;
				GCC_WARN_UNUSED_FUNCTION = YES;
				GCC_WARN_UNUSED_VARIABLE = YES;
				IPHONEOS_DEPLOYMENT_TARGET = 11.4;
				MTL_ENABLE_DEBUG_INFO = YES;
				ONLY_ACTIVE_ARCH = YES;
				SDKROOT = iphoneos;
				SWIFT_ACTIVE_COMPILATION_CONDITIONS = DEBUG;
				SWIFT_OPTIMIZATION_LEVEL = "-Onone";
			};
			name = Debug;
		};
		8E0DBDD121180BC3002B69E5 /* Release */ = {
			isa = XCBuildConfiguration;
			buildSettings = {
				ALWAYS_SEARCH_USER_PATHS = NO;
				CLANG_ANALYZER_NONNULL = YES;
				CLANG_ANALYZER_NUMBER_OBJECT_CONVERSION = YES_AGGRESSIVE;
				CLANG_CXX_LANGUAGE_STANDARD = "gnu++14";
				CLANG_CXX_LIBRARY = "libc++";
				CLANG_ENABLE_MODULES = YES;
				CLANG_ENABLE_OBJC_ARC = YES;
				CLANG_ENABLE_OBJC_WEAK = YES;
				CLANG_WARN_BLOCK_CAPTURE_AUTORELEASING = YES;
				CLANG_WARN_BOOL_CONVERSION = YES;
				CLANG_WARN_COMMA = YES;
				CLANG_WARN_CONSTANT_CONVERSION = YES;
				CLANG_WARN_DEPRECATED_OBJC_IMPLEMENTATIONS = YES;
				CLANG_WARN_DIRECT_OBJC_ISA_USAGE = YES_ERROR;
				CLANG_WARN_DOCUMENTATION_COMMENTS = YES;
				CLANG_WARN_EMPTY_BODY = YES;
				CLANG_WARN_ENUM_CONVERSION = YES;
				CLANG_WARN_INFINITE_RECURSION = YES;
				CLANG_WARN_INT_CONVERSION = YES;
				CLANG_WARN_NON_LITERAL_NULL_CONVERSION = YES;
				CLANG_WARN_OBJC_IMPLICIT_RETAIN_SELF = YES;
				CLANG_WARN_OBJC_LITERAL_CONVERSION = YES;
				CLANG_WARN_OBJC_ROOT_CLASS = YES_ERROR;
				CLANG_WARN_RANGE_LOOP_ANALYSIS = YES;
				CLANG_WARN_STRICT_PROTOTYPES = YES;
				CLANG_WARN_SUSPICIOUS_MOVE = YES;
				CLANG_WARN_UNGUARDED_AVAILABILITY = YES_AGGRESSIVE;
				CLANG_WARN_UNREACHABLE_CODE = YES;
				CLANG_WARN__DUPLICATE_METHOD_MATCH = YES;
				CODE_SIGN_IDENTITY = "iPhone Developer";
				COPY_PHASE_STRIP = NO;
				DEBUG_INFORMATION_FORMAT = "dwarf-with-dsym";
				ENABLE_NS_ASSERTIONS = NO;
				ENABLE_STRICT_OBJC_MSGSEND = YES;
				GCC_C_LANGUAGE_STANDARD = gnu11;
				GCC_NO_COMMON_BLOCKS = YES;
				GCC_WARN_64_TO_32_BIT_CONVERSION = YES;
				GCC_WARN_ABOUT_RETURN_TYPE = YES_ERROR;
				GCC_WARN_UNDECLARED_SELECTOR = YES;
				GCC_WARN_UNINITIALIZED_AUTOS = YES_AGGRESSIVE;
				GCC_WARN_UNUSED_FUNCTION = YES;
				GCC_WARN_UNUSED_VARIABLE = YES;
				IPHONEOS_DEPLOYMENT_TARGET = 11.4;
				MTL_ENABLE_DEBUG_INFO = NO;
				SDKROOT = iphoneos;
				SWIFT_COMPILATION_MODE = wholemodule;
				SWIFT_OPTIMIZATION_LEVEL = "-O";
				VALIDATE_PRODUCT = YES;
			};
			name = Release;
		};
		8E0DBDD321180BC3002B69E5 /* Debug */ = {
			isa = XCBuildConfiguration;
			baseConfigurationReference = 4CEDD27D75D2485CA6634915 /* Pods-popupMenuDemo.debug.xcconfig */;
			buildSettings = {
				ASSETCATALOG_COMPILER_APPICON_NAME = AppIcon;
				CODE_SIGN_STYLE = Automatic;
				DEVELOPMENT_TEAM = WDPH7GJ3HN;
				INFOPLIST_FILE = popupMenuDemo/Info.plist;
				LD_RUNPATH_SEARCH_PATHS = (
					"$(inherited)",
					"@executable_path/Frameworks",
				);
				PRODUCT_BUNDLE_IDENTIFIER = net.pogofdev.popupMenuDemo;
				PRODUCT_NAME = "$(TARGET_NAME)";
				SWIFT_VERSION = 4.0;
				TARGETED_DEVICE_FAMILY = "1,2";
			};
			name = Debug;
		};
		8E0DBDD421180BC3002B69E5 /* Release */ = {
			isa = XCBuildConfiguration;
			baseConfigurationReference = FFF0FCBD9D3437CBE23791E8 /* Pods-popupMenuDemo.release.xcconfig */;
			buildSettings = {
				ASSETCATALOG_COMPILER_APPICON_NAME = AppIcon;
				CODE_SIGN_STYLE = Automatic;
				DEVELOPMENT_TEAM = WDPH7GJ3HN;
				INFOPLIST_FILE = popupMenuDemo/Info.plist;
				LD_RUNPATH_SEARCH_PATHS = (
					"$(inherited)",
					"@executable_path/Frameworks",
				);
				PRODUCT_BUNDLE_IDENTIFIER = net.pogofdev.popupMenuDemo;
				PRODUCT_NAME = "$(TARGET_NAME)";
				SWIFT_VERSION = 4.0;
				TARGETED_DEVICE_FAMILY = "1,2";
			};
			name = Release;
		};
/* End XCBuildConfiguration section */

/* Begin XCConfigurationList section */
		8E0DBDBB21180BC2002B69E5 /* Build configuration list for PBXProject "popupMenuDemo" */ = {
			isa = XCConfigurationList;
			buildConfigurations = (
				8E0DBDD021180BC3002B69E5 /* Debug */,
				8E0DBDD121180BC3002B69E5 /* Release */,
			);
			defaultConfigurationIsVisible = 0;
			defaultConfigurationName = Release;
		};
		8E0DBDD221180BC3002B69E5 /* Build configuration list for PBXNativeTarget "popupMenuDemo" */ = {
			isa = XCConfigurationList;
			buildConfigurations = (
				8E0DBDD321180BC3002B69E5 /* Debug */,
				8E0DBDD421180BC3002B69E5 /* Release */,
			);
			defaultConfigurationIsVisible = 0;
			defaultConfigurationName = Release;
		};
/* End XCConfigurationList section */
	};
	rootObject = 8E0DBDB821180BC2002B69E5 /* Project object */;
}
